
Microsoft Visual Studio Solution File, Format Version 12.00
# Visual Studio Version 16
VisualStudioVersion = 16.0.29519.181
MinimumVisualStudioVersion = 10.0.40219.1
Project("{9A19103F-16F7-4668-BE54-9A1E7A4F7556}") = "ENTIDADE", "ENTIDADE\ENTIDADE.csproj", "{DB23338A-2395-4725-A9EF-151B1D5F597E}"
EndProject
Project("{9A19103F-16F7-4668-BE54-9A1E7A4F7556}") = "BLL", "BLL\BLL.csproj", "{1F2CBCC0-8C47-409F-BFE0-6614EC1DCD63}"
EndProject
Project("{9A19103F-16F7-4668-BE54-9A1E7A4F7556}") = "DATABASE", "DATABASE\DATABASE.csproj", "{4CBAE485-6258-4A7C-A88B-22B06A26B1D2}"
EndProject
Project("{9A19103F-16F7-4668-BE54-9A1E7A4F7556}") = "AnimalSniffer", "AnimalSniffer\AnimalSniffer.csproj", "{A68B182C-01B0-40BA-B294-BA1AA923545B}"
EndProject
Global
	GlobalSection(SolutionConfigurationPlatforms) = preSolution
		Debug|Any CPU = Debug|Any CPU
		Release|Any CPU = Release|Any CPU
	EndGlobalSection
	GlobalSection(ProjectConfigurationPlatforms) = postSolution
		{DB23338A-2395-4725-A9EF-151B1D5F597E}.Debug|Any CPU.ActiveCfg = Debug|Any CPU
		{DB23338A-2395-4725-A9EF-151B1D5F597E}.Debug|Any CPU.Build.0 = Debug|Any CPU
		{DB23338A-2395-4725-A9EF-151B1D5F597E}.Release|Any CPU.ActiveCfg = Release|Any CPU
		{DB23338A-2395-4725-A9EF-151B1D5F597E}.Release|Any CPU.Build.0 = Release|Any CPU
		{1F2CBCC0-8C47-409F-BFE0-6614EC1DCD63}.Debug|Any CPU.ActiveCfg = Debug|Any CPU
		{1F2CBCC0-8C47-409F-BFE0-6614EC1DCD63}.Debug|Any CPU.Build.0 = Debug|Any CPU
		{1F2CBCC0-8C47-409F-BFE0-6614EC1DCD63}.Release|Any CPU.ActiveCfg = Release|Any CPU
		{1F2CBCC0-8C47-409F-BFE0-6614EC1DCD63}.Release|Any CPU.Build.0 = Release|Any CPU
		{4CBAE485-6258-4A7C-A88B-22B06A26B1D2}.Debug|Any CPU.ActiveCfg = Debug|Any CPU
		{4CBAE485-6258-4A7C-A88B-22B06A26B1D2}.Debug|Any CPU.Build.0 = Debug|Any CPU
		{4CBAE485-6258-4A7C-A88B-22B06A26B1D2}.Release|Any CPU.ActiveCfg = Release|Any CPU
		{4CBAE485-6258-4A7C-A88B-22B06A26B1D2}.Release|Any CPU.Build.0 = Release|Any CPU
		{A68B182C-01B0-40BA-B294-BA1AA923545B}.Debug|Any CPU.ActiveCfg = Debug|Any CPU
		{A68B182C-01B0-40BA-B294-BA1AA923545B}.Debug|Any CPU.Build.0 = Debug|Any CPU
		{A68B182C-01B0-40BA-B294-BA1AA923545B}.Release|Any CPU.ActiveCfg = Release|Any CPU
		{A68B182C-01B0-40BA-B294-BA1AA923545B}.Release|Any CPU.Build.0 = Release|Any CPU
	EndGlobalSection
	GlobalSection(SolutionProperties) = preSolution
		HideSolutionNode = FALSE
	EndGlobalSection
	GlobalSection(ExtensibilityGlobals) = postSolution
		SolutionGuid = {CD8404B5-6383-4659-84F3-C3323ACBC541}
	EndGlobalSection
EndGlobal
